
Microsoft Visual Studio Solution File, Format Version 12.00
# Visual Studio Version 16
VisualStudioVersion = 16.0.31112.23
MinimumVisualStudioVersion = 10.0.40219.1
Project("{FAE04EC0-301F-11D3-BF4B-00C04F79EFBC}") = "EF_Core_Transactions", "EF_Core_Transactions.csproj", "{D999378C-945C-42D0-8BDE-A9CCE126900F}"
EndProject
Global
	GlobalSection(SolutionConfigurationPlatforms) = preSolution
		Debug|Any CPU = Debug|Any CPU
		Release|Any CPU = Release|Any CPU
	EndGlobalSection
	GlobalSection(ProjectConfigurationPlatforms) = postSolution
		{D999378C-945C-42D0-8BDE-A9CCE126900F}.Debug|Any CPU.ActiveCfg = Debug|Any CPU
		{D999378C-945C-42D0-8BDE-A9CCE126900F}.Debug|Any CPU.Build.0 = Debug|Any CPU
		{D999378C-945C-42D0-8BDE-A9CCE126900F}.Release|Any CPU.ActiveCfg = Release|Any CPU
		{D999378C-945C-42D0-8BDE-A9CCE126900F}.Release|Any CPU.Build.0 = Release|Any CPU
	EndGlobalSection
	GlobalSection(SolutionProperties) = preSolution
		HideSolutionNode = FALSE
	EndGlobalSection
	GlobalSection(ExtensibilityGlobals) = postSolution
		SolutionGuid = {F90A5325-21C4-441D-A607-1456CBE0A370}
	EndGlobalSection
EndGlobal
